// !$*UTF8*$!
{
	archiveVersion = 1;
	classes = {
	};
	objectVersion = 55;
	objects = {

/* Begin PBXBuildFile section */
		4967720727E0AA0800EA37A6 /* AppDelegate.swift in Sources */ = {isa = PBXBuildFile; fileRef = 4967720627E0AA0800EA37A6 /* AppDelegate.swift */; };
		4967720927E0AA0800EA37A6 /* SceneDelegate.swift in Sources */ = {isa = PBXBuildFile; fileRef = 4967720827E0AA0800EA37A6 /* SceneDelegate.swift */; };
		4967721127E0AA0800EA37A6 /* ToDoList.xcdatamodeld in Sources */ = {isa = PBXBuildFile; fileRef = 4967720F27E0AA0800EA37A6 /* ToDoList.xcdatamodeld */; };
		4967721327E0AA0900EA37A6 /* Assets.xcassets in Resources */ = {isa = PBXBuildFile; fileRef = 4967721227E0AA0900EA37A6 /* Assets.xcassets */; };
		4967721627E0AA0900EA37A6 /* LaunchScreen.storyboard in Resources */ = {isa = PBXBuildFile; fileRef = 4967721427E0AA0900EA37A6 /* LaunchScreen.storyboard */; };
		4967722127E0AA0A00EA37A6 /* ToDoListTests.swift in Sources */ = {isa = PBXBuildFile; fileRef = 4967722027E0AA0A00EA37A6 /* ToDoListTests.swift */; };
		4967722B27E0AA0A00EA37A6 /* ToDoListUITests.swift in Sources */ = {isa = PBXBuildFile; fileRef = 4967722A27E0AA0A00EA37A6 /* ToDoListUITests.swift */; };
		4967722D27E0AA0A00EA37A6 /* ToDoListUITestsLaunchTests.swift in Sources */ = {isa = PBXBuildFile; fileRef = 4967722C27E0AA0A00EA37A6 /* ToDoListUITestsLaunchTests.swift */; };
		4967723C27E0AABA00EA37A6 /* ListViewViewController.swift in Sources */ = {isa = PBXBuildFile; fileRef = 4967723A27E0AABA00EA37A6 /* ListViewViewController.swift */; };
		4967723F27E0AAC600EA37A6 /* ListViewPresenter.swift in Sources */ = {isa = PBXBuildFile; fileRef = 4967723E27E0AAC600EA37A6 /* ListViewPresenter.swift */; };
		4967724727E0AB6A00EA37A6 /* ModuleBuilder.swift in Sources */ = {isa = PBXBuildFile; fileRef = 4967724627E0AB6A00EA37A6 /* ModuleBuilder.swift */; };
		4967724A27E0ABD300EA37A6 /* Task.swift in Sources */ = {isa = PBXBuildFile; fileRef = 4967724927E0ABD300EA37A6 /* Task.swift */; };
		4967724C27E0AE2900EA37A6 /* TableViewCell.swift in Sources */ = {isa = PBXBuildFile; fileRef = 4967724B27E0AE2900EA37A6 /* TableViewCell.swift */; };
		4967724E27E0B53200EA37A6 /* ListView.swift in Sources */ = {isa = PBXBuildFile; fileRef = 4967724D27E0B53200EA37A6 /* ListView.swift */; };
/* End PBXBuildFile section */

/* Begin PBXContainerItemProxy section */
		4967721D27E0AA0A00EA37A6 /* PBXContainerItemProxy */ = {
			isa = PBXContainerItemProxy;
			containerPortal = 496771FB27E0AA0800EA37A6 /* Project object */;
			proxyType = 1;
			remoteGlobalIDString = 4967720227E0AA0800EA37A6;
			remoteInfo = ToDoList;
		};
		4967722727E0AA0A00EA37A6 /* PBXContainerItemProxy */ = {
			isa = PBXContainerItemProxy;
			containerPortal = 496771FB27E0AA0800EA37A6 /* Project object */;
			proxyType = 1;
			remoteGlobalIDString = 4967720227E0AA0800EA37A6;
			remoteInfo = ToDoList;
		};
/* End PBXContainerItemProxy section */

/* Begin PBXFileReference section */
		4967720327E0AA0800EA37A6 /* ToDoList.app */ = {isa = PBXFileReference; explicitFileType = wrapper.application; includeInIndex = 0; path = ToDoList.app; sourceTree = BUILT_PRODUCTS_DIR; };
		4967720627E0AA0800EA37A6 /* AppDelegate.swift */ = {isa = PBXFileReference; lastKnownFileType = sourcecode.swift; path = AppDelegate.swift; sourceTree = "<group>"; };
		4967720827E0AA0800EA37A6 /* SceneDelegate.swift */ = {isa = PBXFileReference; lastKnownFileType = sourcecode.swift; path = SceneDelegate.swift; sourceTree = "<group>"; };
		4967721027E0AA0800EA37A6 /* ToDoList.xcdatamodel */ = {isa = PBXFileReference; lastKnownFileType = wrapper.xcdatamodel; path = ToDoList.xcdatamodel; sourceTree = "<group>"; };
		4967721227E0AA0900EA37A6 /* Assets.xcassets */ = {isa = PBXFileReference; lastKnownFileType = folder.assetcatalog; path = Assets.xcassets; sourceTree = "<group>"; };
		4967721527E0AA0900EA37A6 /* Base */ = {isa = PBXFileReference; lastKnownFileType = file.storyboard; name = Base; path = Base.lproj/LaunchScreen.storyboard; sourceTree = "<group>"; };
		4967721727E0AA0900EA37A6 /* Info.plist */ = {isa = PBXFileReference; lastKnownFileType = text.plist.xml; path = Info.plist; sourceTree = "<group>"; };
		4967721C27E0AA0A00EA37A6 /* ToDoListTests.xctest */ = {isa = PBXFileReference; explicitFileType = wrapper.cfbundle; includeInIndex = 0; path = ToDoListTests.xctest; sourceTree = BUILT_PRODUCTS_DIR; };
		4967722027E0AA0A00EA37A6 /* ToDoListTests.swift */ = {isa = PBXFileReference; lastKnownFileType = sourcecode.swift; path = ToDoListTests.swift; sourceTree = "<group>"; };
		4967722627E0AA0A00EA37A6 /* ToDoListUITests.xctest */ = {isa = PBXFileReference; explicitFileType = wrapper.cfbundle; includeInIndex = 0; path = ToDoListUITests.xctest; sourceTree = BUILT_PRODUCTS_DIR; };
		4967722A27E0AA0A00EA37A6 /* ToDoListUITests.swift */ = {isa = PBXFileReference; lastKnownFileType = sourcecode.swift; path = ToDoListUITests.swift; sourceTree = "<group>"; };
		4967722C27E0AA0A00EA37A6 /* ToDoListUITestsLaunchTests.swift */ = {isa = PBXFileReference; lastKnownFileType = sourcecode.swift; path = ToDoListUITestsLaunchTests.swift; sourceTree = "<group>"; };
		4967723A27E0AABA00EA37A6 /* ListViewViewController.swift */ = {isa = PBXFileReference; lastKnownFileType = sourcecode.swift; path = ListViewViewController.swift; sourceTree = "<group>"; };
		4967723E27E0AAC600EA37A6 /* ListViewPresenter.swift */ = {isa = PBXFileReference; lastKnownFileType = sourcecode.swift; path = ListViewPresenter.swift; sourceTree = "<group>"; };
		4967724627E0AB6A00EA37A6 /* ModuleBuilder.swift */ = {isa = PBXFileReference; lastKnownFileType = sourcecode.swift; path = ModuleBuilder.swift; sourceTree = "<group>"; };
		4967724927E0ABD300EA37A6 /* Task.swift */ = {isa = PBXFileReference; lastKnownFileType = sourcecode.swift; path = Task.swift; sourceTree = "<group>"; };
		4967724B27E0AE2900EA37A6 /* TableViewCell.swift */ = {isa = PBXFileReference; lastKnownFileType = sourcecode.swift; path = TableViewCell.swift; sourceTree = "<group>"; };
		4967724D27E0B53200EA37A6 /* ListView.swift */ = {isa = PBXFileReference; lastKnownFileType = sourcecode.swift; path = ListView.swift; sourceTree = "<group>"; };
/* End PBXFileReference section */

/* Begin PBXFrameworksBuildPhase section */
		4967720027E0AA0800EA37A6 /* Frameworks */ = {
			isa = PBXFrameworksBuildPhase;
			buildActionMask = 2147483647;
			files = (
			);
			runOnlyForDeploymentPostprocessing = 0;
		};
		4967721927E0AA0A00EA37A6 /* Frameworks */ = {
			isa = PBXFrameworksBuildPhase;
			buildActionMask = 2147483647;
			files = (
			);
			runOnlyForDeploymentPostprocessing = 0;
		};
		4967722327E0AA0A00EA37A6 /* Frameworks */ = {
			isa = PBXFrameworksBuildPhase;
			buildActionMask = 2147483647;
			files = (
			);
			runOnlyForDeploymentPostprocessing = 0;
		};
/* End PBXFrameworksBuildPhase section */

/* Begin PBXGroup section */
		496771FA27E0AA0800EA37A6 = {
			isa = PBXGroup;
			children = (
				4967720527E0AA0800EA37A6 /* ToDoList */,
				4967721F27E0AA0A00EA37A6 /* ToDoListTests */,
				4967722927E0AA0A00EA37A6 /* ToDoListUITests */,
				4967720427E0AA0800EA37A6 /* Products */,
			);
			sourceTree = "<group>";
		};
		4967720427E0AA0800EA37A6 /* Products */ = {
			isa = PBXGroup;
			children = (
				4967720327E0AA0800EA37A6 /* ToDoList.app */,
				4967721C27E0AA0A00EA37A6 /* ToDoListTests.xctest */,
				4967722627E0AA0A00EA37A6 /* ToDoListUITests.xctest */,
			);
			name = Products;
			sourceTree = "<group>";
		};
		4967720527E0AA0800EA37A6 /* ToDoList */ = {
			isa = PBXGroup;
			children = (
				4967723927E0AA5900EA37A6 /* App */,
				4967724827E0AB6D00EA37A6 /* ServiceLayer */,
				4967724027E0AADC00EA37A6 /* ToDoModule */,
				4967721227E0AA0900EA37A6 /* Assets.xcassets */,
				4967721427E0AA0900EA37A6 /* LaunchScreen.storyboard */,
				4967721727E0AA0900EA37A6 /* Info.plist */,
			);
			path = ToDoList;
			sourceTree = "<group>";
		};
		4967721F27E0AA0A00EA37A6 /* ToDoListTests */ = {
			isa = PBXGroup;
			children = (
				4967722027E0AA0A00EA37A6 /* ToDoListTests.swift */,
			);
			path = ToDoListTests;
			sourceTree = "<group>";
		};
		4967722927E0AA0A00EA37A6 /* ToDoListUITests */ = {
			isa = PBXGroup;
			children = (
				4967722A27E0AA0A00EA37A6 /* ToDoListUITests.swift */,
				4967722C27E0AA0A00EA37A6 /* ToDoListUITestsLaunchTests.swift */,
			);
			path = ToDoListUITests;
			sourceTree = "<group>";
		};
		4967723927E0AA5900EA37A6 /* App */ = {
			isa = PBXGroup;
			children = (
				4967720627E0AA0800EA37A6 /* AppDelegate.swift */,
				4967720827E0AA0800EA37A6 /* SceneDelegate.swift */,
			);
			path = App;
			sourceTree = "<group>";
		};
		4967724027E0AADC00EA37A6 /* ToDoModule */ = {
			isa = PBXGroup;
			children = (
				4967724127E0AAE900EA37A6 /* Model */,
				4967724227E0AAF100EA37A6 /* View */,
				4967724327E0AAF800EA37A6 /* Presenter */,
			);
			path = ToDoModule;
			sourceTree = "<group>";
		};
		4967724127E0AAE900EA37A6 /* Model */ = {
			isa = PBXGroup;
			children = (
				4967720F27E0AA0800EA37A6 /* ToDoList.xcdatamodeld */,
				4967724927E0ABD300EA37A6 /* Task.swift */,
			);
			path = Model;
			sourceTree = "<group>";
		};
		4967724227E0AAF100EA37A6 /* View */ = {
			isa = PBXGroup;
			children = (
				4967723A27E0AABA00EA37A6 /* ListViewViewController.swift */,
				4967724D27E0B53200EA37A6 /* ListView.swift */,
				4967724B27E0AE2900EA37A6 /* TableViewCell.swift */,
			);
			path = View;
			sourceTree = "<group>";
		};
		4967724327E0AAF800EA37A6 /* Presenter */ = {
			isa = PBXGroup;
			children = (
				4967723E27E0AAC600EA37A6 /* ListViewPresenter.swift */,
			);
			path = Presenter;
			sourceTree = "<group>";
		};
		4967724827E0AB6D00EA37A6 /* ServiceLayer */ = {
			isa = PBXGroup;
			children = (
				4967724627E0AB6A00EA37A6 /* ModuleBuilder.swift */,
			);
			path = ServiceLayer;
			sourceTree = "<group>";
		};
/* End PBXGroup section */

/* Begin PBXNativeTarget section */
		4967720227E0AA0800EA37A6 /* ToDoList */ = {
			isa = PBXNativeTarget;
			buildConfigurationList = 4967723027E0AA0A00EA37A6 /* Build configuration list for PBXNativeTarget "ToDoList" */;
			buildPhases = (
				496771FF27E0AA0800EA37A6 /* Sources */,
				4967720027E0AA0800EA37A6 /* Frameworks */,
				4967720127E0AA0800EA37A6 /* Resources */,
			);
			buildRules = (
			);
			dependencies = (
			);
			name = ToDoList;
			productName = ToDoList;
			productReference = 4967720327E0AA0800EA37A6 /* ToDoList.app */;
			productType = "com.apple.product-type.application";
		};
		4967721B27E0AA0A00EA37A6 /* ToDoListTests */ = {
			isa = PBXNativeTarget;
			buildConfigurationList = 4967723327E0AA0A00EA37A6 /* Build configuration list for PBXNativeTarget "ToDoListTests" */;
			buildPhases = (
				4967721827E0AA0A00EA37A6 /* Sources */,
				4967721927E0AA0A00EA37A6 /* Frameworks */,
				4967721A27E0AA0A00EA37A6 /* Resources */,
			);
			buildRules = (
			);
			dependencies = (
				4967721E27E0AA0A00EA37A6 /* PBXTargetDependency */,
			);
			name = ToDoListTests;
			productName = ToDoListTests;
			productReference = 4967721C27E0AA0A00EA37A6 /* ToDoListTests.xctest */;
			productType = "com.apple.product-type.bundle.unit-test";
		};
		4967722527E0AA0A00EA37A6 /* ToDoListUITests */ = {
			isa = PBXNativeTarget;
			buildConfigurationList = 4967723627E0AA0A00EA37A6 /* Build configuration list for PBXNativeTarget "ToDoListUITests" */;
			buildPhases = (
				4967722227E0AA0A00EA37A6 /* Sources */,
				4967722327E0AA0A00EA37A6 /* Frameworks */,
				4967722427E0AA0A00EA37A6 /* Resources */,
			);
			buildRules = (
			);
			dependencies = (
				4967722827E0AA0A00EA37A6 /* PBXTargetDependency */,
			);
			name = ToDoListUITests;
			productName = ToDoListUITests;
			productReference = 4967722627E0AA0A00EA37A6 /* ToDoListUITests.xctest */;
			productType = "com.apple.product-type.bundle.ui-testing";
		};
/* End PBXNativeTarget section */

/* Begin PBXProject section */
		496771FB27E0AA0800EA37A6 /* Project object */ = {
			isa = PBXProject;
			attributes = {
				BuildIndependentTargetsInParallel = 1;
				LastSwiftUpdateCheck = 1320;
				LastUpgradeCheck = 1320;
				TargetAttributes = {
					4967720227E0AA0800EA37A6 = {
						CreatedOnToolsVersion = 13.2.1;
					};
					4967721B27E0AA0A00EA37A6 = {
						CreatedOnToolsVersion = 13.2.1;
						TestTargetID = 4967720227E0AA0800EA37A6;
					};
					4967722527E0AA0A00EA37A6 = {
						CreatedOnToolsVersion = 13.2.1;
						TestTargetID = 4967720227E0AA0800EA37A6;
					};
				};
			};
			buildConfigurationList = 496771FE27E0AA0800EA37A6 /* Build configuration list for PBXProject "ToDoList" */;
			compatibilityVersion = "Xcode 13.0";
			developmentRegion = en;
			hasScannedForEncodings = 0;
			knownRegions = (
				en,
				Base,
			);
			mainGroup = 496771FA27E0AA0800EA37A6;
			productRefGroup = 4967720427E0AA0800EA37A6 /* Products */;
			projectDirPath = "";
			projectRoot = "";
			targets = (
				4967720227E0AA0800EA37A6 /* ToDoList */,
				4967721B27E0AA0A00EA37A6 /* ToDoListTests */,
				4967722527E0AA0A00EA37A6 /* ToDoListUITests */,
			);
		};
/* End PBXProject section */

/* Begin PBXResourcesBuildPhase section */
		4967720127E0AA0800EA37A6 /* Resources */ = {
			isa = PBXResourcesBuildPhase;
			buildActionMask = 2147483647;
			files = (
				4967721627E0AA0900EA37A6 /* LaunchScreen.storyboard in Resources */,
				4967721327E0AA0900EA37A6 /* Assets.xcassets in Resources */,
			);
			runOnlyForDeploymentPostprocessing = 0;
		};
		4967721A27E0AA0A00EA37A6 /* Resources */ = {
			isa = PBXResourcesBuildPhase;
			buildActionMask = 2147483647;
			files = (
			);
			runOnlyForDeploymentPostprocessing = 0;
		};
		4967722427E0AA0A00EA37A6 /* Resources */ = {
			isa = PBXResourcesBuildPhase;
			buildActionMask = 2147483647;
			files = (
			);
			runOnlyForDeploymentPostprocessing = 0;
		};
/* End PBXResourcesBuildPhase section */

/* Begin PBXSourcesBuildPhase section */
		496771FF27E0AA0800EA37A6 /* Sources */ = {
			isa = PBXSourcesBuildPhase;
			buildActionMask = 2147483647;
			files = (
				4967720727E0AA0800EA37A6 /* AppDelegate.swift in Sources */,
				4967724C27E0AE2900EA37A6 /* TableViewCell.swift in Sources */,
				4967723C27E0AABA00EA37A6 /* ListViewViewController.swift in Sources */,
				4967723F27E0AAC600EA37A6 /* ListViewPresenter.swift in Sources */,
				4967720927E0AA0800EA37A6 /* SceneDelegate.swift in Sources */,
				4967721127E0AA0800EA37A6 /* ToDoList.xcdatamodeld in Sources */,
				4967724A27E0ABD300EA37A6 /* Task.swift in Sources */,
				4967724727E0AB6A00EA37A6 /* ModuleBuilder.swift in Sources */,
				4967724E27E0B53200EA37A6 /* ListView.swift in Sources */,
			);
			runOnlyForDeploymentPostprocessing = 0;
		};
		4967721827E0AA0A00EA37A6 /* Sources */ = {
			isa = PBXSourcesBuildPhase;
			buildActionMask = 2147483647;
			files = (
				4967722127E0AA0A00EA37A6 /* ToDoListTests.swift in Sources */,
			);
			runOnlyForDeploymentPostprocessing = 0;
		};
		4967722227E0AA0A00EA37A6 /* Sources */ = {
			isa = PBXSourcesBuildPhase;
			buildActionMask = 2147483647;
			files = (
				4967722D27E0AA0A00EA37A6 /* ToDoListUITestsLaunchTests.swift in Sources */,
				4967722B27E0AA0A00EA37A6 /* ToDoListUITests.swift in Sources */,
			);
			runOnlyForDeploymentPostprocessing = 0;
		};
/* End PBXSourcesBuildPhase section */

/* Begin PBXTargetDependency section */
		4967721E27E0AA0A00EA37A6 /* PBXTargetDependency */ = {
			isa = PBXTargetDependency;
			target = 4967720227E0AA0800EA37A6 /* ToDoList */;
			targetProxy = 4967721D27E0AA0A00EA37A6 /* PBXContainerItemProxy */;
		};
		4967722827E0AA0A00EA37A6 /* PBXTargetDependency */ = {
			isa = PBXTargetDependency;
			target = 4967720227E0AA0800EA37A6 /* ToDoList */;
			targetProxy = 4967722727E0AA0A00EA37A6 /* PBXContainerItemProxy */;
		};
/* End PBXTargetDependency section */

/* Begin PBXVariantGroup section */
		4967721427E0AA0900EA37A6 /* LaunchScreen.storyboard */ = {
			isa = PBXVariantGroup;
			children = (
				4967721527E0AA0900EA37A6 /* Base */,
			);
			name = LaunchScreen.storyboard;
			sourceTree = "<group>";
		};
/* End PBXVariantGroup section */

/* Begin XCBuildConfiguration section */
		4967722E27E0AA0A00EA37A6 /* Debug */ = {
			isa = XCBuildConfiguration;
			buildSettings = {
				ALWAYS_SEARCH_USER_PATHS = NO;
				CLANG_ANALYZER_NONNULL = YES;
				CLANG_ANALYZER_NUMBER_OBJECT_CONVERSION = YES_AGGRESSIVE;
				CLANG_CXX_LANGUAGE_STANDARD = "gnu++17";
				CLANG_CXX_LIBRARY = "libc++";
				CLANG_ENABLE_MODULES = YES;
				CLANG_ENABLE_OBJC_ARC = YES;
				CLANG_ENABLE_OBJC_WEAK = YES;
				CLANG_WARN_BLOCK_CAPTURE_AUTORELEASING = YES;
				CLANG_WARN_BOOL_CONVERSION = YES;
				CLANG_WARN_COMMA = YES;
				CLANG_WARN_CONSTANT_CONVERSION = YES;
				CLANG_WARN_DEPRECATED_OBJC_IMPLEMENTATIONS = YES;
				CLANG_WARN_DIRECT_OBJC_ISA_USAGE = YES_ERROR;
				CLANG_WARN_DOCUMENTATION_COMMENTS = YES;
				CLANG_WARN_EMPTY_BODY = YES;
				CLANG_WARN_ENUM_CONVERSION = YES;
				CLANG_WARN_INFINITE_RECURSION = YES;
				CLANG_WARN_INT_CONVERSION = YES;
				CLANG_WARN_NON_LITERAL_NULL_CONVERSION = YES;
				CLANG_WARN_OBJC_IMPLICIT_RETAIN_SELF = YES;
				CLANG_WARN_OBJC_LITERAL_CONVERSION = YES;
				CLANG_WARN_OBJC_ROOT_CLASS = YES_ERROR;
				CLANG_WARN_QUOTED_INCLUDE_IN_FRAMEWORK_HEADER = YES;
				CLANG_WARN_RANGE_LOOP_ANALYSIS = YES;
				CLANG_WARN_STRICT_PROTOTYPES = YES;
				CLANG_WARN_SUSPICIOUS_MOVE = YES;
				CLANG_WARN_UNGUARDED_AVAILABILITY = YES_AGGRESSIVE;
				CLANG_WARN_UNREACHABLE_CODE = YES;
				CLANG_WARN__DUPLICATE_METHOD_MATCH = YES;
				COPY_PHASE_STRIP = NO;
				DEBUG_INFORMATION_FORMAT = dwarf;
				ENABLE_STRICT_OBJC_MSGSEND = YES;
				ENABLE_TESTABILITY = YES;
				GCC_C_LANGUAGE_STANDARD = gnu11;
				GCC_DYNAMIC_NO_PIC = NO;
				GCC_NO_COMMON_BLOCKS = YES;
				GCC_OPTIMIZATION_LEVEL = 0;
				GCC_PREPROCESSOR_DEFINITIONS = (
					"DEBUG=1",
					"$(inherited)",
				);
				GCC_WARN_64_TO_32_BIT_CONVERSION = YES;
				GCC_WARN_ABOUT_RETURN_TYPE = YES_ERROR;
				GCC_WARN_UNDECLARED_SELECTOR = YES;
				GCC_WARN_UNINITIALIZED_AUTOS = YES_AGGRESSIVE;
				GCC_WARN_UNUSED_FUNCTION = YES;
				GCC_WARN_UNUSED_VARIABLE = YES;
				IPHONEOS_DEPLOYMENT_TARGET = 15.2;
				MTL_ENABLE_DEBUG_INFO = INCLUDE_SOURCE;
				MTL_FAST_MATH = YES;
				ONLY_ACTIVE_ARCH = YES;
				SDKROOT = iphoneos;
				SWIFT_ACTIVE_COMPILATION_CONDITIONS = DEBUG;
				SWIFT_OPTIMIZATION_LEVEL = "-Onone";
			};
			name = Debug;
		};
		4967722F27E0AA0A00EA37A6 /* Release */ = {
			isa = XCBuildConfiguration;
			buildSettings = {
				ALWAYS_SEARCH_USER_PATHS = NO;
				CLANG_ANALYZER_NONNULL = YES;
				CLANG_ANALYZER_NUMBER_OBJECT_CONVERSION = YES_AGGRESSIVE;
				CLANG_CXX_LANGUAGE_STANDARD = "gnu++17";
				CLANG_CXX_LIBRARY = "libc++";
				CLANG_ENABLE_MODULES = YES;
				CLANG_ENABLE_OBJC_ARC = YES;
				CLANG_ENABLE_OBJC_WEAK = YES;
				CLANG_WARN_BLOCK_CAPTURE_AUTORELEASING = YES;
				CLANG_WARN_BOOL_CONVERSION = YES;
				CLANG_WARN_COMMA = YES;
				CLANG_WARN_CONSTANT_CONVERSION = YES;
				CLANG_WARN_DEPRECATED_OBJC_IMPLEMENTATIONS = YES;
				CLANG_WARN_DIRECT_OBJC_ISA_USAGE = YES_ERROR;
				CLANG_WARN_DOCUMENTATION_COMMENTS = YES;
				CLANG_WARN_EMPTY_BODY = YES;
				CLANG_WARN_ENUM_CONVERSION = YES;
				CLANG_WARN_INFINITE_RECURSION = YES;
				CLANG_WARN_INT_CONVERSION = YES;
				CLANG_WARN_NON_LITERAL_NULL_CONVERSION = YES;
				CLANG_WARN_OBJC_IMPLICIT_RETAIN_SELF = YES;
				CLANG_WARN_OBJC_LITERAL_CONVERSION = YES;
				CLANG_WARN_OBJC_ROOT_CLASS = YES_ERROR;
				CLANG_WARN_QUOTED_INCLUDE_IN_FRAMEWORK_HEADER = YES;
				CLANG_WARN_RANGE_LOOP_ANALYSIS = YES;
				CLANG_WARN_STRICT_PROTOTYPES = YES;
				CLANG_WARN_SUSPICIOUS_MOVE = YES;
				CLANG_WARN_UNGUARDED_AVAILABILITY = YES_AGGRESSIVE;
				CLANG_WARN_UNREACHABLE_CODE = YES;
				CLANG_WARN__DUPLICATE_METHOD_MATCH = YES;
				COPY_PHASE_STRIP = NO;
				DEBUG_INFORMATION_FORMAT = "dwarf-with-dsym";
				ENABLE_NS_ASSERTIONS = NO;
				ENABLE_STRICT_OBJC_MSGSEND = YES;
				GCC_C_LANGUAGE_STANDARD = gnu11;
				GCC_NO_COMMON_BLOCKS = YES;
				GCC_WARN_64_TO_32_BIT_CONVERSION = YES;
				GCC_WARN_ABOUT_RETURN_TYPE = YES_ERROR;
				GCC_WARN_UNDECLARED_SELECTOR = YES;
				GCC_WARN_UNINITIALIZED_AUTOS = YES_AGGRESSIVE;
				GCC_WARN_UNUSED_FUNCTION = YES;
				GCC_WARN_UNUSED_VARIABLE = YES;
				IPHONEOS_DEPLOYMENT_TARGET = 15.2;
				MTL_ENABLE_DEBUG_INFO = NO;
				MTL_FAST_MATH = YES;
				SDKROOT = iphoneos;
				SWIFT_COMPILATION_MODE = wholemodule;
				SWIFT_OPTIMIZATION_LEVEL = "-O";
				VALIDATE_PRODUCT = YES;
			};
			name = Release;
		};
		4967723127E0AA0A00EA37A6 /* Debug */ = {
			isa = XCBuildConfiguration;
			buildSettings = {
				ASSETCATALOG_COMPILER_APPICON_NAME = AppIcon;
				ASSETCATALOG_COMPILER_GLOBAL_ACCENT_COLOR_NAME = AccentColor;
				CODE_SIGN_STYLE = Automatic;
				CURRENT_PROJECT_VERSION = 1;
				DEVELOPMENT_TEAM = 4LU2BMBADH;
				GENERATE_INFOPLIST_FILE = YES;
				INFOPLIST_FILE = ToDoList/Info.plist;
				INFOPLIST_KEY_UIApplicationSupportsIndirectInputEvents = YES;
				INFOPLIST_KEY_UILaunchStoryboardName = LaunchScreen;
				INFOPLIST_KEY_UISupportedInterfaceOrientations_iPad = "UIInterfaceOrientationPortrait UIInterfaceOrientationPortraitUpsideDown UIInterfaceOrientationLandscapeLeft UIInterfaceOrientationLandscapeRight";
				INFOPLIST_KEY_UISupportedInterfaceOrientations_iPhone = "UIInterfaceOrientationPortrait UIInterfaceOrientationLandscapeLeft UIInterfaceOrientationLandscapeRight";
				LD_RUNPATH_SEARCH_PATHS = (
					"$(inherited)",
					"@executable_path/Frameworks",
				);
				MARKETING_VERSION = 1.0;
				PRODUCT_BUNDLE_IDENTIFIER = Tambanco.ToDoList;
				PRODUCT_NAME = "$(TARGET_NAME)";
				SWIFT_EMIT_LOC_STRINGS = YES;
				SWIFT_VERSION = 5.0;
				TARGETED_DEVICE_FAMILY = "1,2";
			};
			name = Debug;
		};
		4967723227E0AA0A00EA37A6 /* Release */ = {
			isa = XCBuildConfiguration;
			buildSettings = {
				ASSETCATALOG_COMPILER_APPICON_NAME = AppIcon;
				ASSETCATALOG_COMPILER_GLOBAL_ACCENT_COLOR_NAME = AccentColor;
				CODE_SIGN_STYLE = Automatic;
				CURRENT_PROJECT_VERSION = 1;
				DEVELOPMENT_TEAM = 4LU2BMBADH;
				GENERATE_INFOPLIST_FILE = YES;
				INFOPLIST_FILE = ToDoList/Info.plist;
				INFOPLIST_KEY_UIApplicationSupportsIndirectInputEvents = YES;
				INFOPLIST_KEY_UILaunchStoryboardName = LaunchScreen;
				INFOPLIST_KEY_UISupportedInterfaceOrientations_iPad = "UIInterfaceOrientationPortrait UIInterfaceOrientationPortraitUpsideDown UIInterfaceOrientationLandscapeLeft UIInterfaceOrientationLandscapeRight";
				INFOPLIST_KEY_UISupportedInterfaceOrientations_iPhone = "UIInterfaceOrientationPortrait UIInterfaceOrientationLandscapeLeft UIInterfaceOrientationLandscapeRight";
				LD_RUNPATH_SEARCH_PATHS = (
					"$(inherited)",
					"@executable_path/Frameworks",
				);
				MARKETING_VERSION = 1.0;
				PRODUCT_BUNDLE_IDENTIFIER = Tambanco.ToDoList;
				PRODUCT_NAME = "$(TARGET_NAME)";
				SWIFT_EMIT_LOC_STRINGS = YES;
				SWIFT_VERSION = 5.0;
				TARGETED_DEVICE_FAMILY = "1,2";
			};
			name = Release;
		};
		4967723427E0AA0A00EA37A6 /* Debug */ = {
			isa = XCBuildConfiguration;
			buildSettings = {
				ALWAYS_EMBED_SWIFT_STANDARD_LIBRARIES = YES;
				BUNDLE_LOADER = "$(TEST_HOST)";
				CODE_SIGN_STYLE = Automatic;
				CURRENT_PROJECT_VERSION = 1;
				DEVELOPMENT_TEAM = 4LU2BMBADH;
				GENERATE_INFOPLIST_FILE = YES;
				IPHONEOS_DEPLOYMENT_TARGET = 15.2;
				MARKETING_VERSION = 1.0;
				PRODUCT_BUNDLE_IDENTIFIER = Tambanco.ToDoListTests;
				PRODUCT_NAME = "$(TARGET_NAME)";
				SWIFT_EMIT_LOC_STRINGS = NO;
				SWIFT_VERSION = 5.0;
				TARGETED_DEVICE_FAMILY = "1,2";
				TEST_HOST = "$(BUILT_PRODUCTS_DIR)/ToDoList.app/ToDoList";
			};
			name = Debug;
		};
		4967723527E0AA0A00EA37A6 /* Release */ = {
			isa = XCBuildConfiguration;
			buildSettings = {
				ALWAYS_EMBED_SWIFT_STANDARD_LIBRARIES = YES;
				BUNDLE_LOADER = "$(TEST_HOST)";
				CODE_SIGN_STYLE = Automatic;
				CURRENT_PROJECT_VERSION = 1;
				DEVELOPMENT_TEAM = 4LU2BMBADH;
				GENERATE_INFOPLIST_FILE = YES;
				IPHONEOS_DEPLOYMENT_TARGET = 15.2;
				MARKETING_VERSION = 1.0;
				PRODUCT_BUNDLE_IDENTIFIER = Tambanco.ToDoListTests;
				PRODUCT_NAME = "$(TARGET_NAME)";
				SWIFT_EMIT_LOC_STRINGS = NO;
				SWIFT_VERSION = 5.0;
				TARGETED_DEVICE_FAMILY = "1,2";
				TEST_HOST = "$(BUILT_PRODUCTS_DIR)/ToDoList.app/ToDoList";
			};
			name = Release;
		};
		4967723727E0AA0A00EA37A6 /* Debug */ = {
			isa = XCBuildConfiguration;
			buildSettings = {
				ALWAYS_EMBED_SWIFT_STANDARD_LIBRARIES = YES;
				CODE_SIGN_STYLE = Automatic;
				CURRENT_PROJECT_VERSION = 1;
				DEVELOPMENT_TEAM = 4LU2BMBADH;
				GENERATE_INFOPLIST_FILE = YES;
				MARKETING_VERSION = 1.0;
				PRODUCT_BUNDLE_IDENTIFIER = Tambanco.ToDoListUITests;
				PRODUCT_NAME = "$(TARGET_NAME)";
				SWIFT_EMIT_LOC_STRINGS = NO;
				SWIFT_VERSION = 5.0;
				TARGETED_DEVICE_FAMILY = "1,2";
				TEST_TARGET_NAME = ToDoList;
			};
			name = Debug;
		};
		4967723827E0AA0A00EA37A6 /* Release */ = {
			isa = XCBuildConfiguration;
			buildSettings = {
				ALWAYS_EMBED_SWIFT_STANDARD_LIBRARIES = YES;
				CODE_SIGN_STYLE = Automatic;
				CURRENT_PROJECT_VERSION = 1;
				DEVELOPMENT_TEAM = 4LU2BMBADH;
				GENERATE_INFOPLIST_FILE = YES;
				MARKETING_VERSION = 1.0;
				PRODUCT_BUNDLE_IDENTIFIER = Tambanco.ToDoListUITests;
				PRODUCT_NAME = "$(TARGET_NAME)";
				SWIFT_EMIT_LOC_STRINGS = NO;
				SWIFT_VERSION = 5.0;
				TARGETED_DEVICE_FAMILY = "1,2";
				TEST_TARGET_NAME = ToDoList;
			};
			name = Release;
		};
/* End XCBuildConfiguration section */

/* Begin XCConfigurationList section */
		496771FE27E0AA0800EA37A6 /* Build configuration list for PBXProject "ToDoList" */ = {
			isa = XCConfigurationList;
			buildConfigurations = (
				4967722E27E0AA0A00EA37A6 /* Debug */,
				4967722F27E0AA0A00EA37A6 /* Release */,
			);
			defaultConfigurationIsVisible = 0;
			defaultConfigurationName = Release;
		};
		4967723027E0AA0A00EA37A6 /* Build configuration list for PBXNativeTarget "ToDoList" */ = {
			isa = XCConfigurationList;
			buildConfigurations = (
				4967723127E0AA0A00EA37A6 /* Debug */,
				4967723227E0AA0A00EA37A6 /* Release */,
			);
			defaultConfigurationIsVisible = 0;
			defaultConfigurationName = Release;
		};
		4967723327E0AA0A00EA37A6 /* Build configuration list for PBXNativeTarget "ToDoListTests" */ = {
			isa = XCConfigurationList;
			buildConfigurations = (
				4967723427E0AA0A00EA37A6 /* Debug */,
				4967723527E0AA0A00EA37A6 /* Release */,
			);
			defaultConfigurationIsVisible = 0;
			defaultConfigurationName = Release;
		};
		4967723627E0AA0A00EA37A6 /* Build configuration list for PBXNativeTarget "ToDoListUITests" */ = {
			isa = XCConfigurationList;
			buildConfigurations = (
				4967723727E0AA0A00EA37A6 /* Debug */,
				4967723827E0AA0A00EA37A6 /* Release */,
			);
			defaultConfigurationIsVisible = 0;
			defaultConfigurationName = Release;
		};
/* End XCConfigurationList section */

/* Begin XCVersionGroup section */
		4967720F27E0AA0800EA37A6 /* ToDoList.xcdatamodeld */ = {
			isa = XCVersionGroup;
			children = (
				4967721027E0AA0800EA37A6 /* ToDoList.xcdatamodel */,
			);
			currentVersion = 4967721027E0AA0800EA37A6 /* ToDoList.xcdatamodel */;
			path = ToDoList.xcdatamodeld;
			sourceTree = "<group>";
			versionGroupType = wrapper.xcdatamodel;
		};
/* End XCVersionGroup section */
	};
	rootObject = 496771FB27E0AA0800EA37A6 /* Project object */;
}
